// !$*UTF8*$!
{
	archiveVersion = 1;
	classes = {
	};
	objectVersion = 50;
	objects = {

/* Begin PBXBuildFile section */
		155DFF45B7D145668626F04B /* Pods_Wallet.framework in Frameworks */ = {isa = PBXBuildFile; fileRef = 38224EB48F2EF23E29600019 /* Pods_Wallet.framework */; };
		FD581A6E23083AD900993BBF /* walletCell1.swift in Sources */ = {isa = PBXBuildFile; fileRef = FD581A6D23083AD900993BBF /* walletCell1.swift */; };
		FD79AACD2305241300A71C53 /* Constants.swift in Sources */ = {isa = PBXBuildFile; fileRef = FD79AACC2305241300A71C53 /* Constants.swift */; };
		FD79AACF23052B6F00A71C53 /* walletManager.swift in Sources */ = {isa = PBXBuildFile; fileRef = FD79AACE23052B6F00A71C53 /* walletManager.swift */; };
		FD79AAD123052B8100A71C53 /* walletModel.swift in Sources */ = {isa = PBXBuildFile; fileRef = FD79AAD023052B8100A71C53 /* walletModel.swift */; };
		FD8339EF22F91A26006DCFE0 /* AppDelegate.swift in Sources */ = {isa = PBXBuildFile; fileRef = FD8339EE22F91A26006DCFE0 /* AppDelegate.swift */; };
		FD8339F422F91A26006DCFE0 /* Main.storyboard in Resources */ = {isa = PBXBuildFile; fileRef = FD8339F222F91A26006DCFE0 /* Main.storyboard */; };
		FD8339F622F91A27006DCFE0 /* Assets.xcassets in Resources */ = {isa = PBXBuildFile; fileRef = FD8339F522F91A27006DCFE0 /* Assets.xcassets */; };
		FD8339F922F91A27006DCFE0 /* LaunchScreen.storyboard in Resources */ = {isa = PBXBuildFile; fileRef = FD8339F722F91A27006DCFE0 /* LaunchScreen.storyboard */; };
		FDB7A1C92305E8BD006B230D /* walletTransactionModel.swift in Sources */ = {isa = PBXBuildFile; fileRef = FDB7A1C82305E8BD006B230D /* walletTransactionModel.swift */; };
		FDCEEF742304794D00194B3A /* WalletTableVC.swift in Sources */ = {isa = PBXBuildFile; fileRef = FDCEEF732304794D00194B3A /* WalletTableVC.swift */; };
/* End PBXBuildFile section */

/* Begin PBXFileReference section */
		38224EB48F2EF23E29600019 /* Pods_Wallet.framework */ = {isa = PBXFileReference; explicitFileType = wrapper.framework; includeInIndex = 0; path = Pods_Wallet.framework; sourceTree = BUILT_PRODUCTS_DIR; };
		8310885E3CBB4A5646841E27 /* Pods-Wallet.debug.xcconfig */ = {isa = PBXFileReference; includeInIndex = 1; lastKnownFileType = text.xcconfig; name = "Pods-Wallet.debug.xcconfig"; path = "Target Support Files/Pods-Wallet/Pods-Wallet.debug.xcconfig"; sourceTree = "<group>"; };
		BBB9D268242E8BF18DFB0A29 /* Pods-Wallet.release.xcconfig */ = {isa = PBXFileReference; includeInIndex = 1; lastKnownFileType = text.xcconfig; name = "Pods-Wallet.release.xcconfig"; path = "Target Support Files/Pods-Wallet/Pods-Wallet.release.xcconfig"; sourceTree = "<group>"; };
		FD581A6D23083AD900993BBF /* walletCell1.swift */ = {isa = PBXFileReference; lastKnownFileType = sourcecode.swift; path = walletCell1.swift; sourceTree = "<group>"; };
		FD79AACC2305241300A71C53 /* Constants.swift */ = {isa = PBXFileReference; lastKnownFileType = sourcecode.swift; path = Constants.swift; sourceTree = "<group>"; };
		FD79AACE23052B6F00A71C53 /* walletManager.swift */ = {isa = PBXFileReference; lastKnownFileType = sourcecode.swift; path = walletManager.swift; sourceTree = "<group>"; };
		FD79AAD023052B8100A71C53 /* walletModel.swift */ = {isa = PBXFileReference; lastKnownFileType = sourcecode.swift; path = walletModel.swift; sourceTree = "<group>"; };
		FD8339EB22F91A26006DCFE0 /* Wallet.app */ = {isa = PBXFileReference; explicitFileType = wrapper.application; includeInIndex = 0; path = Wallet.app; sourceTree = BUILT_PRODUCTS_DIR; };
		FD8339EE22F91A26006DCFE0 /* AppDelegate.swift */ = {isa = PBXFileReference; lastKnownFileType = sourcecode.swift; path = AppDelegate.swift; sourceTree = "<group>"; };
		FD8339F322F91A26006DCFE0 /* Base */ = {isa = PBXFileReference; lastKnownFileType = file.storyboard; name = Base; path = Base.lproj/Main.storyboard; sourceTree = "<group>"; };
		FD8339F522F91A27006DCFE0 /* Assets.xcassets */ = {isa = PBXFileReference; lastKnownFileType = folder.assetcatalog; path = Assets.xcassets; sourceTree = "<group>"; };
		FD8339F822F91A27006DCFE0 /* Base */ = {isa = PBXFileReference; lastKnownFileType = file.storyboard; name = Base; path = Base.lproj/LaunchScreen.storyboard; sourceTree = "<group>"; };
		FD8339FA22F91A27006DCFE0 /* Info.plist */ = {isa = PBXFileReference; lastKnownFileType = text.plist.xml; path = Info.plist; sourceTree = "<group>"; };
		FDB7A1C82305E8BD006B230D /* walletTransactionModel.swift */ = {isa = PBXFileReference; lastKnownFileType = sourcecode.swift; path = walletTransactionModel.swift; sourceTree = "<group>"; };
		FDCEEF732304794D00194B3A /* WalletTableVC.swift */ = {isa = PBXFileReference; lastKnownFileType = sourcecode.swift; path = WalletTableVC.swift; sourceTree = "<group>"; };
/* End PBXFileReference section */

/* Begin PBXFrameworksBuildPhase section */
		FD8339E822F91A26006DCFE0 /* Frameworks */ = {
			isa = PBXFrameworksBuildPhase;
			buildActionMask = 2147483647;
			files = (
				155DFF45B7D145668626F04B /* Pods_Wallet.framework in Frameworks */,
			);
			runOnlyForDeploymentPostprocessing = 0;
		};
/* End PBXFrameworksBuildPhase section */

/* Begin PBXGroup section */
		2372970105775AC497EB228E /* Pods */ = {
			isa = PBXGroup;
			children = (
				8310885E3CBB4A5646841E27 /* Pods-Wallet.debug.xcconfig */,
				BBB9D268242E8BF18DFB0A29 /* Pods-Wallet.release.xcconfig */,
			);
			path = Pods;
			sourceTree = "<group>";
		};
		F7393BFB751DBF356C3E6BB1 /* Frameworks */ = {
			isa = PBXGroup;
			children = (
				38224EB48F2EF23E29600019 /* Pods_Wallet.framework */,
			);
			name = Frameworks;
			sourceTree = "<group>";
		};
		FD8339E222F91A26006DCFE0 = {
			isa = PBXGroup;
			children = (
				FD8339ED22F91A26006DCFE0 /* Wallet */,
				FD8339EC22F91A26006DCFE0 /* Products */,
				2372970105775AC497EB228E /* Pods */,
				F7393BFB751DBF356C3E6BB1 /* Frameworks */,
			);
			sourceTree = "<group>";
		};
		FD8339EC22F91A26006DCFE0 /* Products */ = {
			isa = PBXGroup;
			children = (
				FD8339EB22F91A26006DCFE0 /* Wallet.app */,
			);
			name = Products;
			sourceTree = "<group>";
		};
		FD8339ED22F91A26006DCFE0 /* Wallet */ = {
			isa = PBXGroup;
			children = (
				FD8339EE22F91A26006DCFE0 /* AppDelegate.swift */,
				FD79AACC2305241300A71C53 /* Constants.swift */,
				FD79AAD023052B8100A71C53 /* walletModel.swift */,
				FDB7A1C82305E8BD006B230D /* walletTransactionModel.swift */,
				FDCEEF732304794D00194B3A /* WalletTableVC.swift */,
				FD581A6D23083AD900993BBF /* walletCell1.swift */,
				FD79AACE23052B6F00A71C53 /* walletManager.swift */,
				FD8339F222F91A26006DCFE0 /* Main.storyboard */,
				FD8339F522F91A27006DCFE0 /* Assets.xcassets */,
				FD8339F722F91A27006DCFE0 /* LaunchScreen.storyboard */,
				FD8339FA22F91A27006DCFE0 /* Info.plist */,
			);
			path = Wallet;
			sourceTree = "<group>";
		};
/* End PBXGroup section */

/* Begin PBXNativeTarget section */
		FD8339EA22F91A26006DCFE0 /* Wallet */ = {
			isa = PBXNativeTarget;
			buildConfigurationList = FD8339FD22F91A27006DCFE0 /* Build configuration list for PBXNativeTarget "Wallet" */;
			buildPhases = (
				9F197D5474BFA5F03DB51683 /* [CP] Check Pods Manifest.lock */,
				FD8339E722F91A26006DCFE0 /* Sources */,
				FD8339E822F91A26006DCFE0 /* Frameworks */,
				FD8339E922F91A26006DCFE0 /* Resources */,
				9F504BD65C51625CAFA2B255 /* [CP] Embed Pods Frameworks */,
			);
			buildRules = (
			);
			dependencies = (
			);
			name = Wallet;
			productName = Wallet;
			productReference = FD8339EB22F91A26006DCFE0 /* Wallet.app */;
			productType = "com.apple.product-type.application";
		};
/* End PBXNativeTarget section */

/* Begin PBXProject section */
		FD8339E322F91A26006DCFE0 /* Project object */ = {
			isa = PBXProject;
			attributes = {
				LastSwiftUpdateCheck = 1020;
				LastUpgradeCheck = 1020;
				ORGANIZATIONNAME = Cole;
				TargetAttributes = {
					FD8339EA22F91A26006DCFE0 = {
						CreatedOnToolsVersion = 10.2.1;
					};
				};
			};
			buildConfigurationList = FD8339E622F91A26006DCFE0 /* Build configuration list for PBXProject "Wallet" */;
			compatibilityVersion = "Xcode 9.3";
			developmentRegion = en;
			hasScannedForEncodings = 0;
			knownRegions = (
				en,
				Base,
			);
			mainGroup = FD8339E222F91A26006DCFE0;
			productRefGroup = FD8339EC22F91A26006DCFE0 /* Products */;
			projectDirPath = "";
			projectRoot = "";
			targets = (
				FD8339EA22F91A26006DCFE0 /* Wallet */,
			);
		};
/* End PBXProject section */

/* Begin PBXResourcesBuildPhase section */
		FD8339E922F91A26006DCFE0 /* Resources */ = {
			isa = PBXResourcesBuildPhase;
			buildActionMask = 2147483647;
			files = (
				FD8339F922F91A27006DCFE0 /* LaunchScreen.storyboard in Resources */,
				FD8339F622F91A27006DCFE0 /* Assets.xcassets in Resources */,
				FD8339F422F91A26006DCFE0 /* Main.storyboard in Resources */,
			);
			runOnlyForDeploymentPostprocessing = 0;
		};
/* End PBXResourcesBuildPhase section */

/* Begin PBXShellScriptBuildPhase section */
		9F197D5474BFA5F03DB51683 /* [CP] Check Pods Manifest.lock */ = {
			isa = PBXShellScriptBuildPhase;
			buildActionMask = 2147483647;
			files = (
			);
			inputFileListPaths = (
			);
			inputPaths = (
				"${PODS_PODFILE_DIR_PATH}/Podfile.lock",
				"${PODS_ROOT}/Manifest.lock",
			);
			name = "[CP] Check Pods Manifest.lock";
			outputFileListPaths = (
			);
			outputPaths = (
				"$(DERIVED_FILE_DIR)/Pods-Wallet-checkManifestLockResult.txt",
			);
			runOnlyForDeploymentPostprocessing = 0;
			shellPath = /bin/sh;
			shellScript = "diff \"${PODS_PODFILE_DIR_PATH}/Podfile.lock\" \"${PODS_ROOT}/Manifest.lock\" > /dev/null\nif [ $? != 0 ] ; then\n    # print error to STDERR\n    echo \"error: The sandbox is not in sync with the Podfile.lock. Run 'pod install' or update your CocoaPods installation.\" >&2\n    exit 1\nfi\n# This output is used by Xcode 'outputs' to avoid re-running this script phase.\necho \"SUCCESS\" > \"${SCRIPT_OUTPUT_FILE_0}\"\n";
			showEnvVarsInLog = 0;
		};
		9F504BD65C51625CAFA2B255 /* [CP] Embed Pods Frameworks */ = {
			isa = PBXShellScriptBuildPhase;
			buildActionMask = 2147483647;
			files = (
			);
			inputFileListPaths = (
			);
			inputPaths = (
				"${PODS_ROOT}/Target Support Files/Pods-Wallet/Pods-Wallet-frameworks.sh",
				"${BUILT_PRODUCTS_DIR}/Alamofire/Alamofire.framework",
				"${BUILT_PRODUCTS_DIR}/SwiftyJSON/SwiftyJSON.framework",
			);
			name = "[CP] Embed Pods Frameworks";
			outputFileListPaths = (
			);
			outputPaths = (
				"${TARGET_BUILD_DIR}/${FRAMEWORKS_FOLDER_PATH}/Alamofire.framework",
				"${TARGET_BUILD_DIR}/${FRAMEWORKS_FOLDER_PATH}/SwiftyJSON.framework",
			);
			runOnlyForDeploymentPostprocessing = 0;
			shellPath = /bin/sh;
			shellScript = "\"${PODS_ROOT}/Target Support Files/Pods-Wallet/Pods-Wallet-frameworks.sh\"\n";
			showEnvVarsInLog = 0;
		};
/* End PBXShellScriptBuildPhase section */

/* Begin PBXSourcesBuildPhase section */
		FD8339E722F91A26006DCFE0 /* Sources */ = {
			isa = PBXSourcesBuildPhase;
			buildActionMask = 2147483647;
			files = (
				FD79AAD123052B8100A71C53 /* walletModel.swift in Sources */,
				FDCEEF742304794D00194B3A /* WalletTableVC.swift in Sources */,
				FD581A6E23083AD900993BBF /* walletCell1.swift in Sources */,
				FD8339EF22F91A26006DCFE0 /* AppDelegate.swift in Sources */,
				FDB7A1C92305E8BD006B230D /* walletTransactionModel.swift in Sources */,
				FD79AACF23052B6F00A71C53 /* walletManager.swift in Sources */,
				FD79AACD2305241300A71C53 /* Constants.swift in Sources */,
			);
			runOnlyForDeploymentPostprocessing = 0;
		};
/* End PBXSourcesBuildPhase section */

/* Begin PBXVariantGroup section */
		FD8339F222F91A26006DCFE0 /* Main.storyboard */ = {
			isa = PBXVariantGroup;
			children = (
				FD8339F322F91A26006DCFE0 /* Base */,
			);
			name = Main.storyboard;
			sourceTree = "<group>";
		};
		FD8339F722F91A27006DCFE0 /* LaunchScreen.storyboard */ = {
			isa = PBXVariantGroup;
			children = (
				FD8339F822F91A27006DCFE0 /* Base */,
			);
			name = LaunchScreen.storyboard;
			sourceTree = "<group>";
		};
/* End PBXVariantGroup section */

/* Begin XCBuildConfiguration section */
		FD8339FB22F91A27006DCFE0 /* Debug */ = {
			isa = XCBuildConfiguration;
			buildSettings = {
				ALWAYS_SEARCH_USER_PATHS = NO;
				CLANG_ANALYZER_NONNULL = YES;
				CLANG_ANALYZER_NUMBER_OBJECT_CONVERSION = YES_AGGRESSIVE;
				CLANG_CXX_LANGUAGE_STANDARD = "gnu++14";
				CLANG_CXX_LIBRARY = "libc++";
				CLANG_ENABLE_MODULES = YES;
				CLANG_ENABLE_OBJC_ARC = YES;
				CLANG_ENABLE_OBJC_WEAK = YES;
				CLANG_WARN_BLOCK_CAPTURE_AUTORELEASING = YES;
				CLANG_WARN_BOOL_CONVERSION = YES;
				CLANG_WARN_COMMA = YES;
				CLANG_WARN_CONSTANT_CONVERSION = YES;
				CLANG_WARN_DEPRECATED_OBJC_IMPLEMENTATIONS = YES;
				CLANG_WARN_DIRECT_OBJC_ISA_USAGE = YES_ERROR;
				CLANG_WARN_DOCUMENTATION_COMMENTS = YES;
				CLANG_WARN_EMPTY_BODY = YES;
				CLANG_WARN_ENUM_CONVERSION = YES;
				CLANG_WARN_INFINITE_RECURSION = YES;
				CLANG_WARN_INT_CONVERSION = YES;
				CLANG_WARN_NON_LITERAL_NULL_CONVERSION = YES;
				CLANG_WARN_OBJC_IMPLICIT_RETAIN_SELF = YES;
				CLANG_WARN_OBJC_LITERAL_CONVERSION = YES;
				CLANG_WARN_OBJC_ROOT_CLASS = YES_ERROR;
				CLANG_WARN_RANGE_LOOP_ANALYSIS = YES;
				CLANG_WARN_STRICT_PROTOTYPES = YES;
				CLANG_WARN_SUSPICIOUS_MOVE = YES;
				CLANG_WARN_UNGUARDED_AVAILABILITY = YES_AGGRESSIVE;
				CLANG_WARN_UNREACHABLE_CODE = YES;
				CLANG_WARN__DUPLICATE_METHOD_MATCH = YES;
				CODE_SIGN_IDENTITY = "iPhone Developer";
				COPY_PHASE_STRIP = NO;
				DEBUG_INFORMATION_FORMAT = dwarf;
				ENABLE_STRICT_OBJC_MSGSEND = YES;
				ENABLE_TESTABILITY = YES;
				GCC_C_LANGUAGE_STANDARD = gnu11;
				GCC_DYNAMIC_NO_PIC = NO;
				GCC_NO_COMMON_BLOCKS = YES;
				GCC_OPTIMIZATION_LEVEL = 0;
				GCC_PREPROCESSOR_DEFINITIONS = (
					"DEBUG=1",
					"$(inherited)",
				);
				GCC_WARN_64_TO_32_BIT_CONVERSION = YES;
				GCC_WARN_ABOUT_RETURN_TYPE = YES_ERROR;
				GCC_WARN_UNDECLARED_SELECTOR = YES;
				GCC_WARN_UNINITIALIZED_AUTOS = YES_AGGRESSIVE;
				GCC_WARN_UNUSED_FUNCTION = YES;
				GCC_WARN_UNUSED_VARIABLE = YES;
				IPHONEOS_DEPLOYMENT_TARGET = 12.2;
				MTL_ENABLE_DEBUG_INFO = INCLUDE_SOURCE;
				MTL_FAST_MATH = YES;
				ONLY_ACTIVE_ARCH = YES;
				SDKROOT = iphoneos;
				SWIFT_ACTIVE_COMPILATION_CONDITIONS = DEBUG;
				SWIFT_OPTIMIZATION_LEVEL = "-Onone";
			};
			name = Debug;
		};
		FD8339FC22F91A27006DCFE0 /* Release */ = {
			isa = XCBuildConfiguration;
			buildSettings = {
				ALWAYS_SEARCH_USER_PATHS = NO;
				CLANG_ANALYZER_NONNULL = YES;
				CLANG_ANALYZER_NUMBER_OBJECT_CONVERSION = YES_AGGRESSIVE;
				CLANG_CXX_LANGUAGE_STANDARD = "gnu++14";
				CLANG_CXX_LIBRARY = "libc++";
				CLANG_ENABLE_MODULES = YES;
				CLANG_ENABLE_OBJC_ARC = YES;
				CLANG_ENABLE_OBJC_WEAK = YES;
				CLANG_WARN_BLOCK_CAPTURE_AUTORELEASING = YES;
				CLANG_WARN_BOOL_CONVERSION = YES;
				CLANG_WARN_COMMA = YES;
				CLANG_WARN_CONSTANT_CONVERSION = YES;
				CLANG_WARN_DEPRECATED_OBJC_IMPLEMENTATIONS = YES;
				CLANG_WARN_DIRECT_OBJC_ISA_USAGE = YES_ERROR;
				CLANG_WARN_DOCUMENTATION_COMMENTS = YES;
				CLANG_WARN_EMPTY_BODY = YES;
				CLANG_WARN_ENUM_CONVERSION = YES;
				CLANG_WARN_INFINITE_RECURSION = YES;
				CLANG_WARN_INT_CONVERSION = YES;
				CLANG_WARN_NON_LITERAL_NULL_CONVERSION = YES;
				CLANG_WARN_OBJC_IMPLICIT_RETAIN_SELF = YES;
				CLANG_WARN_OBJC_LITERAL_CONVERSION = YES;
				CLANG_WARN_OBJC_ROOT_CLASS = YES_ERROR;
				CLANG_WARN_RANGE_LOOP_ANALYSIS = YES;
				CLANG_WARN_STRICT_PROTOTYPES = YES;
				CLANG_WARN_SUSPICIOUS_MOVE = YES;
				CLANG_WARN_UNGUARDED_AVAILABILITY = YES_AGGRESSIVE;
				CLANG_WARN_UNREACHABLE_CODE = YES;
				CLANG_WARN__DUPLICATE_METHOD_MATCH = YES;
				CODE_SIGN_IDENTITY = "iPhone Developer";
				COPY_PHASE_STRIP = NO;
				DEBUG_INFORMATION_FORMAT = "dwarf-with-dsym";
				ENABLE_NS_ASSERTIONS = NO;
				ENABLE_STRICT_OBJC_MSGSEND = YES;
				GCC_C_LANGUAGE_STANDARD = gnu11;
				GCC_NO_COMMON_BLOCKS = YES;
				GCC_WARN_64_TO_32_BIT_CONVERSION = YES;
				GCC_WARN_ABOUT_RETURN_TYPE = YES_ERROR;
				GCC_WARN_UNDECLARED_SELECTOR = YES;
				GCC_WARN_UNINITIALIZED_AUTOS = YES_AGGRESSIVE;
				GCC_WARN_UNUSED_FUNCTION = YES;
				GCC_WARN_UNUSED_VARIABLE = YES;
				IPHONEOS_DEPLOYMENT_TARGET = 12.2;
				MTL_ENABLE_DEBUG_INFO = NO;
				MTL_FAST_MATH = YES;
				SDKROOT = iphoneos;
				SWIFT_COMPILATION_MODE = wholemodule;
				SWIFT_OPTIMIZATION_LEVEL = "-O";
				VALIDATE_PRODUCT = YES;
			};
			name = Release;
		};
		FD8339FE22F91A27006DCFE0 /* Debug */ = {
			isa = XCBuildConfiguration;
			baseConfigurationReference = 8310885E3CBB4A5646841E27 /* Pods-Wallet.debug.xcconfig */;
			buildSettings = {
				ASSETCATALOG_COMPILER_APPICON_NAME = AppIcon;
				CODE_SIGN_STYLE = Automatic;
				INFOPLIST_FILE = Wallet/Info.plist;
				LD_RUNPATH_SEARCH_PATHS = (
					"$(inherited)",
					"@executable_path/Frameworks",
				);
				PRODUCT_BUNDLE_IDENTIFIER = com.cole.wallet.Wallet;
				PRODUCT_NAME = "$(TARGET_NAME)";
				SWIFT_VERSION = 5.0;
				TARGETED_DEVICE_FAMILY = "1,2";
			};
			name = Debug;
		};
		FD8339FF22F91A27006DCFE0 /* Release */ = {
			isa = XCBuildConfiguration;
			baseConfigurationReference = BBB9D268242E8BF18DFB0A29 /* Pods-Wallet.release.xcconfig */;
			buildSettings = {
				ASSETCATALOG_COMPILER_APPICON_NAME = AppIcon;
				CODE_SIGN_STYLE = Automatic;
				INFOPLIST_FILE = Wallet/Info.plist;
				LD_RUNPATH_SEARCH_PATHS = (
					"$(inherited)",
					"@executable_path/Frameworks",
				);
				PRODUCT_BUNDLE_IDENTIFIER = com.cole.wallet.Wallet;
				PRODUCT_NAME = "$(TARGET_NAME)";
				SWIFT_VERSION = 5.0;
				TARGETED_DEVICE_FAMILY = "1,2";
			};
			name = Release;
		};
/* End XCBuildConfiguration section */

/* Begin XCConfigurationList section */
		FD8339E622F91A26006DCFE0 /* Build configuration list for PBXProject "Wallet" */ = {
			isa = XCConfigurationList;
			buildConfigurations = (
				FD8339FB22F91A27006DCFE0 /* Debug */,
				FD8339FC22F91A27006DCFE0 /* Release */,
			);
			defaultConfigurationIsVisible = 0;
			defaultConfigurationName = Release;
		};
		FD8339FD22F91A27006DCFE0 /* Build configuration list for PBXNativeTarget "Wallet" */ = {
			isa = XCConfigurationList;
			buildConfigurations = (
				FD8339FE22F91A27006DCFE0 /* Debug */,
				FD8339FF22F91A27006DCFE0 /* Release */,
			);
			defaultConfigurationIsVisible = 0;
			defaultConfigurationName = Release;
		};
/* End XCConfigurationList section */
	};
	rootObject = FD8339E322F91A26006DCFE0 /* Project object */;
}
